{
  "nodes": {
    "disko": {
      "inputs": {
        "nixpkgs": [
          "nixpkgs"
        ]
      },
      "locked": {
        "lastModified": 1746695594,
        "narHash": "sha256-pAAWYs3S+/tY65vemHZdVSXpeIz4JINEJZoPoBjr8JU=",
        "owner": "nix-community",
        "repo": "disko",
        "rev": "6bb82b77ce140137177e30df067759931ab60a73",
        "type": "github"
      },
      "original": {
        "owner": "nix-community",
        "repo": "disko",
        "type": "github"
      }
    },
    "nixpkgs": {
      "locked": {
        "lastModified": 1746557022,
        "narHash": "sha256-QkNoyEf6TbaTW5UZYX0OkwIJ/ZMeKSSoOMnSDPQuol0=",
        "owner": "NixOS",
        "repo": "nixpkgs",
        "rev": "1d3aeb5a193b9ff13f63f4d9cc169fb88129f860",
        "type": "github"
      },
      "original": {
        "owner": "NixOS",
        "ref": "nixos-24.11",
        "repo": "nixpkgs",
        "type": "github"
      }
    },
    "root": {
      "inputs": {
        "disko": "disko",
        "nixpkgs": "nixpkgs"
      }
    }
  },
  "root": "root",
  "version": 7
}
